
Microsoft Visual Studio Solution File, Format Version 12.00
# Visual Studio Version 17
VisualStudioVersion = 17.14.36301.6
MinimumVisualStudioVersion = 10.0.40219.1
Project("{00D1A9C2-B5F0-4AF3-8072-F6C62B433612}") = "Ut", "Ut\Ut.sqlproj", "{A1B2C3D4-E5F6-7890-ABCD-EF1234567890}"
EndProject
Project("{00D1A9C2-B5F0-4AF3-8072-F6C62B433612}") = "Covid", "Covid\Covid.sqlproj", "{B2C3D4E5-F6A7-8901-BCDE-F23456789012}"
	ProjectSection(ProjectDependencies) = postProject
		{A1B2C3D4-E5F6-7890-ABCD-EF1234567890} = {A1B2C3D4-E5F6-7890-ABCD-EF1234567890}
	EndProjectSection
EndProject
Project("{00D1A9C2-B5F0-4AF3-8072-F6C62B433612}") = "Dorsu_dev", "Dorsu_dev\Dorsu_dev.sqlproj", "{0A10EF81-1B69-4257-81CA-FE413D54D17C}"
EndProject
Project("{00D1A9C2-B5F0-4AF3-8072-F6C62B433612}") = "CRM", "CRM\CRM.sqlproj", "{EDFA3352-E50B-4FB5-9406-C286AF545C92}"
EndProject
Global
	GlobalSection(SolutionConfigurationPlatforms) = preSolution
		Debug|Any CPU = Debug|Any CPU
	EndGlobalSection
	GlobalSection(ProjectConfigurationPlatforms) = postSolution
		{A1B2C3D4-E5F6-7890-ABCD-EF1234567890}.Debug|Any CPU.ActiveCfg = Debug|Any CPU
		{A1B2C3D4-E5F6-7890-ABCD-EF1234567890}.Debug|Any CPU.Build.0 = Debug|Any CPU
		{A1B2C3D4-E5F6-7890-ABCD-EF1234567890}.Debug|Any CPU.Deploy.0 = Debug|Any CPU
		{B2C3D4E5-F6A7-8901-BCDE-F23456789012}.Debug|Any CPU.ActiveCfg = Debug|Any CPU
		{B2C3D4E5-F6A7-8901-BCDE-F23456789012}.Debug|Any CPU.Build.0 = Debug|Any CPU
		{B2C3D4E5-F6A7-8901-BCDE-F23456789012}.Debug|Any CPU.Deploy.0 = Debug|Any CPU
		{0A10EF81-1B69-4257-81CA-FE413D54D17C}.Debug|Any CPU.ActiveCfg = Debug|Any CPU
		{0A10EF81-1B69-4257-81CA-FE413D54D17C}.Debug|Any CPU.Build.0 = Debug|Any CPU
		{0A10EF81-1B69-4257-81CA-FE413D54D17C}.Debug|Any CPU.Deploy.0 = Debug|Any CPU
		{EDFA3352-E50B-4FB5-9406-C286AF545C92}.Debug|Any CPU.ActiveCfg = Debug|Any CPU
		{EDFA3352-E50B-4FB5-9406-C286AF545C92}.Debug|Any CPU.Build.0 = Debug|Any CPU
		{EDFA3352-E50B-4FB5-9406-C286AF545C92}.Debug|Any CPU.Deploy.0 = Debug|Any CPU
	EndGlobalSection
	GlobalSection(SolutionProperties) = preSolution
		HideSolutionNode = FALSE
	EndGlobalSection
	GlobalSection(ExtensibilityGlobals) = postSolution
		SolutionGuid = {16F817C3-F416-403A-978E-C6B12327E583}
	EndGlobalSection
EndGlobal
